github.com/a-h/templ v0.2.432 h1:/8sSs0janzx/DvXlYi+3KUkZABvm7s3lejbvhPZ1rSg=
github.com/a-h/templ v0.2.432/go.mod h1:6Lfhsl3Z4/vXl7jjEjkJRCqoWDGjDnuKgzjYMDSddas=
github.com/alexedwards/scs/v2 v2.6.0 h1:vxNyhWZOnlWK9NsYlgFjSaP5IGN7Cm/sf6/slLJNBos=
github.com/alexedwards/scs/v2 v2.6.0/go.mod h1:ToaROZxyKukJKT/xLcVQAChi5k6+Pn1Gvmdl7h3RRj8=
github.com/go-chi/chi/v5 v5.0.10 h1:rLz5avzKpjqxrYwXNfmjkrYYXOyLJd37pz53UFHC6vk=
github.com/go-chi/chi/v5 v5.0.10/go.mod h1:DslCQbL2OYiznFReuXYUmQ2hGd1aDpCnlMNITLSKoi8=
github.com/google/go-cmp v0.5.9 h1:O2Tfq5qg4qc4AmwVlvv0oLiVAGB7enBSJ2x2DqQFi38=
github.com/google/go-cmp v0.5.9/go.mod h1:17dUlkBOakJ0+DkrSSNjCkIjxS6bF9zb3elmeNGIjoY=
github.com/justinas/nosurf v1.1.1 h1:92Aw44hjSK4MxJeMSyDa7jwuI9GR2J/JCQiaKvXXSlk=
github.com/justinas/nosurf v1.1.1/go.mod h1:ALpWdSbuNGy2lZWtyXdjkYv4edL23oSEgfBT1gPJ5BQ=
github.com/omeid/uconfig v0.5.0 h1:jNI7QgdGvoazDm95yoFNSg7NL+TcjIScTOLn5nk4f4E=
github.com/omeid/uconfig v0.5.0/go.mod h1:a+bL4SpC/ZYQjRQGMkyT8Wk3z8XXGBqwtbNRnCukLP0=
